
Microsoft Visual Studio Solution File, Format Version 12.00
# Visual Studio Version 17
VisualStudioVersion = 17.3.32825.248
MinimumVisualStudioVersion = 10.0.40219.1
Project("{FAE04EC0-301F-11D3-BF4B-00C04F79EFBC}") = "Sut.Web", "SUT.Web\Sut.Web.csproj", "{2D91D38A-E682-46B1-9EE9-619C9B950C7A}"
EndProject
Project("{2150E333-8FDC-42A3-9474-1A3956D46DE8}") = "1. GUI", "1. GUI", "{D1C404B1-899A-46C1-BCB5-DB562E71A1EF}"
EndProject
Project("{2150E333-8FDC-42A3-9474-1A3956D46DE8}") = "2. Services", "2. Services", "{96C9AFA7-5CAD-4E84-BBE5-0EEBE6792922}"
EndProject
Project("{2150E333-8FDC-42A3-9474-1A3956D46DE8}") = "3. Application", "3. Application", "{6DFB41C1-09C5-4364-A78F-C0645D65D727}"
EndProject
Project("{2150E333-8FDC-42A3-9474-1A3956D46DE8}") = "4. Domain", "4. Domain", "{176212CE-87DB-4721-8760-BF721D789B30}"
EndProject
Project("{2150E333-8FDC-42A3-9474-1A3956D46DE8}") = "5. Infrastructure", "5. Infrastructure", "{497DF226-F6FD-43EE-990E-9A672E3AE6BF}"
EndProject
Project("{2150E333-8FDC-42A3-9474-1A3956D46DE8}") = "6. Cross-Cutting", "6. Cross-Cutting", "{525DDF85-F4F7-4BCA-97E9-0A0CE1B7F413}"
EndProject
Project("{FAE04EC0-301F-11D3-BF4B-00C04F79EFBC}") = "Sut.Context", "Sut.Context\Sut.Context.csproj", "{8EBC26D8-0EF0-4465-B9BC-F501401CF6E8}"
EndProject
Project("{FAE04EC0-301F-11D3-BF4B-00C04F79EFBC}") = "Sut.Repositories", "Sut.Repositories\Sut.Repositories.csproj", "{E720690C-0929-40B1-8C3D-96BDB0D4D053}"
EndProject
Project("{FAE04EC0-301F-11D3-BF4B-00C04F79EFBC}") = "Sut.IRepositories", "Sut.IRepositories\Sut.IRepositories.csproj", "{E85351EC-7224-42CA-8E29-270B6DFAEF10}"
EndProject
Project("{FAE04EC0-301F-11D3-BF4B-00C04F79EFBC}") = "Sut.IDomainServices", "Sut.IDomainServices\Sut.IDomainServices.csproj", "{780F70BF-E986-44FE-8623-FBC73E287DA6}"
EndProject
Project("{FAE04EC0-301F-11D3-BF4B-00C04F79EFBC}") = "Sut.DomainServices", "Sut.DomainServices\Sut.DomainServices.csproj", "{D6E7C732-2625-415D-B410-6C19176116D8}"
EndProject
Project("{FAE04EC0-301F-11D3-BF4B-00C04F79EFBC}") = "Sut.Entities", "Sut.Entities\Sut.Entities.csproj", "{146C2418-3106-41FB-BE95-92E0771465BD}"
EndProject
Project("{FAE04EC0-301F-11D3-BF4B-00C04F79EFBC}") = "Sut.IApplicationServices", "Sut.IApplicationServices\Sut.IApplicationServices.csproj", "{EC87F7AE-2136-4DE4-AB89-4EDAA856C1AD}"
EndProject
Project("{FAE04EC0-301F-11D3-BF4B-00C04F79EFBC}") = "Sut.ApplicationServices", "Sut.ApplicationServices\Sut.ApplicationServices.csproj", "{322BB845-631D-4E3B-B66E-288E1855C041}"
EndProject
Project("{FAE04EC0-301F-11D3-BF4B-00C04F79EFBC}") = "Sut.Exceptions", "Sut.Exceptions\Sut.Exceptions.csproj", "{3FA07FDD-C52C-44F0-A987-33756BBBEC60}"
EndProject
Project("{FAE04EC0-301F-11D3-BF4B-00C04F79EFBC}") = "Sut.Security", "Sut.Security\Sut.Security.csproj", "{ED948E4C-4BD1-4712-A434-6297C9973912}"
EndProject
Project("{2150E333-8FDC-42A3-9474-1A3956D46DE8}") = "7. SQL migrations", "7. SQL migrations", "{31370920-ECF4-447A-A389-DCB97628A6BE}"
	ProjectSection(SolutionItems) = preProject
		UpdateDatabaseSut20180815.sql = UpdateDatabaseSut20180815.sql
		UpdateDatabaseSut20180822.sql = UpdateDatabaseSut20180822.sql
	EndProjectSection
EndProject
Project("{FAE04EC0-301F-11D3-BF4B-00C04F79EFBC}") = "Sut.Extensions", "Sut.Extensions\Sut.Extensions.csproj", "{FD38B7DD-C52C-44DA-AC3F-4F79EA82BF41}"
EndProject
Project("{FAE04EC0-301F-11D3-BF4B-00C04F79EFBC}") = "Sut.Log", "Sut.Log\Sut.Log.csproj", "{4B66BA21-7A2A-4762-9D3A-118833357C79}"
EndProject
Global
	GlobalSection(SolutionConfigurationPlatforms) = preSolution
		Debug|Any CPU = Debug|Any CPU
		DebugLocal|Any CPU = DebugLocal|Any CPU
		Release|Any CPU = Release|Any CPU
	EndGlobalSection
	GlobalSection(ProjectConfigurationPlatforms) = postSolution
		{2D91D38A-E682-46B1-9EE9-619C9B950C7A}.Debug|Any CPU.ActiveCfg = Debug|Any CPU
		{2D91D38A-E682-46B1-9EE9-619C9B950C7A}.Debug|Any CPU.Build.0 = Debug|Any CPU
		{2D91D38A-E682-46B1-9EE9-619C9B950C7A}.DebugLocal|Any CPU.ActiveCfg = Debug|Any CPU
		{2D91D38A-E682-46B1-9EE9-619C9B950C7A}.DebugLocal|Any CPU.Build.0 = Debug|Any CPU
		{2D91D38A-E682-46B1-9EE9-619C9B950C7A}.Release|Any CPU.ActiveCfg = Release|Any CPU
		{2D91D38A-E682-46B1-9EE9-619C9B950C7A}.Release|Any CPU.Build.0 = Release|Any CPU
		{8EBC26D8-0EF0-4465-B9BC-F501401CF6E8}.Debug|Any CPU.ActiveCfg = Debug|Any CPU
		{8EBC26D8-0EF0-4465-B9BC-F501401CF6E8}.Debug|Any CPU.Build.0 = Debug|Any CPU
		{8EBC26D8-0EF0-4465-B9BC-F501401CF6E8}.DebugLocal|Any CPU.ActiveCfg = Debug|Any CPU
		{8EBC26D8-0EF0-4465-B9BC-F501401CF6E8}.DebugLocal|Any CPU.Build.0 = Debug|Any CPU
		{8EBC26D8-0EF0-4465-B9BC-F501401CF6E8}.Release|Any CPU.ActiveCfg = Release|Any CPU
		{8EBC26D8-0EF0-4465-B9BC-F501401CF6E8}.Release|Any CPU.Build.0 = Release|Any CPU
		{E720690C-0929-40B1-8C3D-96BDB0D4D053}.Debug|Any CPU.ActiveCfg = Debug|Any CPU
		{E720690C-0929-40B1-8C3D-96BDB0D4D053}.Debug|Any CPU.Build.0 = Debug|Any CPU
		{E720690C-0929-40B1-8C3D-96BDB0D4D053}.DebugLocal|Any CPU.ActiveCfg = Debug|Any CPU
		{E720690C-0929-40B1-8C3D-96BDB0D4D053}.DebugLocal|Any CPU.Build.0 = Debug|Any CPU
		{E720690C-0929-40B1-8C3D-96BDB0D4D053}.Release|Any CPU.ActiveCfg = Release|Any CPU
		{E720690C-0929-40B1-8C3D-96BDB0D4D053}.Release|Any CPU.Build.0 = Release|Any CPU
		{E85351EC-7224-42CA-8E29-270B6DFAEF10}.Debug|Any CPU.ActiveCfg = Debug|Any CPU
		{E85351EC-7224-42CA-8E29-270B6DFAEF10}.Debug|Any CPU.Build.0 = Debug|Any CPU
		{E85351EC-7224-42CA-8E29-270B6DFAEF10}.DebugLocal|Any CPU.ActiveCfg = Debug|Any CPU
		{E85351EC-7224-42CA-8E29-270B6DFAEF10}.DebugLocal|Any CPU.Build.0 = Debug|Any CPU
		{E85351EC-7224-42CA-8E29-270B6DFAEF10}.Release|Any CPU.ActiveCfg = Release|Any CPU
		{E85351EC-7224-42CA-8E29-270B6DFAEF10}.Release|Any CPU.Build.0 = Release|Any CPU
		{780F70BF-E986-44FE-8623-FBC73E287DA6}.Debug|Any CPU.ActiveCfg = Debug|Any CPU
		{780F70BF-E986-44FE-8623-FBC73E287DA6}.Debug|Any CPU.Build.0 = Debug|Any CPU
		{780F70BF-E986-44FE-8623-FBC73E287DA6}.DebugLocal|Any CPU.ActiveCfg = Debug|Any CPU
		{780F70BF-E986-44FE-8623-FBC73E287DA6}.DebugLocal|Any CPU.Build.0 = Debug|Any CPU
		{780F70BF-E986-44FE-8623-FBC73E287DA6}.Release|Any CPU.ActiveCfg = Release|Any CPU
		{780F70BF-E986-44FE-8623-FBC73E287DA6}.Release|Any CPU.Build.0 = Release|Any CPU
		{D6E7C732-2625-415D-B410-6C19176116D8}.Debug|Any CPU.ActiveCfg = Debug|Any CPU
		{D6E7C732-2625-415D-B410-6C19176116D8}.Debug|Any CPU.Build.0 = Debug|Any CPU
		{D6E7C732-2625-415D-B410-6C19176116D8}.DebugLocal|Any CPU.ActiveCfg = Debug|Any CPU
		{D6E7C732-2625-415D-B410-6C19176116D8}.DebugLocal|Any CPU.Build.0 = Debug|Any CPU
		{D6E7C732-2625-415D-B410-6C19176116D8}.Release|Any CPU.ActiveCfg = Release|Any CPU
		{D6E7C732-2625-415D-B410-6C19176116D8}.Release|Any CPU.Build.0 = Release|Any CPU
		{146C2418-3106-41FB-BE95-92E0771465BD}.Debug|Any CPU.ActiveCfg = Debug|Any CPU
		{146C2418-3106-41FB-BE95-92E0771465BD}.Debug|Any CPU.Build.0 = Debug|Any CPU
		{146C2418-3106-41FB-BE95-92E0771465BD}.DebugLocal|Any CPU.ActiveCfg = Debug|Any CPU
		{146C2418-3106-41FB-BE95-92E0771465BD}.DebugLocal|Any CPU.Build.0 = Debug|Any CPU
		{146C2418-3106-41FB-BE95-92E0771465BD}.Release|Any CPU.ActiveCfg = Release|Any CPU
		{146C2418-3106-41FB-BE95-92E0771465BD}.Release|Any CPU.Build.0 = Release|Any CPU
		{EC87F7AE-2136-4DE4-AB89-4EDAA856C1AD}.Debug|Any CPU.ActiveCfg = Debug|Any CPU
		{EC87F7AE-2136-4DE4-AB89-4EDAA856C1AD}.Debug|Any CPU.Build.0 = Debug|Any CPU
		{EC87F7AE-2136-4DE4-AB89-4EDAA856C1AD}.DebugLocal|Any CPU.ActiveCfg = Debug|Any CPU
		{EC87F7AE-2136-4DE4-AB89-4EDAA856C1AD}.DebugLocal|Any CPU.Build.0 = Debug|Any CPU
		{EC87F7AE-2136-4DE4-AB89-4EDAA856C1AD}.Release|Any CPU.ActiveCfg = Release|Any CPU
		{EC87F7AE-2136-4DE4-AB89-4EDAA856C1AD}.Release|Any CPU.Build.0 = Release|Any CPU
		{322BB845-631D-4E3B-B66E-288E1855C041}.Debug|Any CPU.ActiveCfg = Debug|Any CPU
		{322BB845-631D-4E3B-B66E-288E1855C041}.Debug|Any CPU.Build.0 = Debug|Any CPU
		{322BB845-631D-4E3B-B66E-288E1855C041}.DebugLocal|Any CPU.ActiveCfg = Debug|Any CPU
		{322BB845-631D-4E3B-B66E-288E1855C041}.DebugLocal|Any CPU.Build.0 = Debug|Any CPU
		{322BB845-631D-4E3B-B66E-288E1855C041}.Release|Any CPU.ActiveCfg = Release|Any CPU
		{322BB845-631D-4E3B-B66E-288E1855C041}.Release|Any CPU.Build.0 = Release|Any CPU
		{3FA07FDD-C52C-44F0-A987-33756BBBEC60}.Debug|Any CPU.ActiveCfg = Debug|Any CPU
		{3FA07FDD-C52C-44F0-A987-33756BBBEC60}.Debug|Any CPU.Build.0 = Debug|Any CPU
		{3FA07FDD-C52C-44F0-A987-33756BBBEC60}.DebugLocal|Any CPU.ActiveCfg = Debug|Any CPU
		{3FA07FDD-C52C-44F0-A987-33756BBBEC60}.DebugLocal|Any CPU.Build.0 = Debug|Any CPU
		{3FA07FDD-C52C-44F0-A987-33756BBBEC60}.Release|Any CPU.ActiveCfg = Release|Any CPU
		{3FA07FDD-C52C-44F0-A987-33756BBBEC60}.Release|Any CPU.Build.0 = Release|Any CPU
		{ED948E4C-4BD1-4712-A434-6297C9973912}.Debug|Any CPU.ActiveCfg = Debug|Any CPU
		{ED948E4C-4BD1-4712-A434-6297C9973912}.Debug|Any CPU.Build.0 = Debug|Any CPU
		{ED948E4C-4BD1-4712-A434-6297C9973912}.DebugLocal|Any CPU.ActiveCfg = Debug|Any CPU
		{ED948E4C-4BD1-4712-A434-6297C9973912}.DebugLocal|Any CPU.Build.0 = Debug|Any CPU
		{ED948E4C-4BD1-4712-A434-6297C9973912}.Release|Any CPU.ActiveCfg = Release|Any CPU
		{ED948E4C-4BD1-4712-A434-6297C9973912}.Release|Any CPU.Build.0 = Release|Any CPU
		{FD38B7DD-C52C-44DA-AC3F-4F79EA82BF41}.Debug|Any CPU.ActiveCfg = Debug|Any CPU
		{FD38B7DD-C52C-44DA-AC3F-4F79EA82BF41}.Debug|Any CPU.Build.0 = Debug|Any CPU
		{FD38B7DD-C52C-44DA-AC3F-4F79EA82BF41}.DebugLocal|Any CPU.ActiveCfg = Debug|Any CPU
		{FD38B7DD-C52C-44DA-AC3F-4F79EA82BF41}.DebugLocal|Any CPU.Build.0 = Debug|Any CPU
		{FD38B7DD-C52C-44DA-AC3F-4F79EA82BF41}.Release|Any CPU.ActiveCfg = Release|Any CPU
		{FD38B7DD-C52C-44DA-AC3F-4F79EA82BF41}.Release|Any CPU.Build.0 = Release|Any CPU
		{4B66BA21-7A2A-4762-9D3A-118833357C79}.Debug|Any CPU.ActiveCfg = Debug|Any CPU
		{4B66BA21-7A2A-4762-9D3A-118833357C79}.Debug|Any CPU.Build.0 = Debug|Any CPU
		{4B66BA21-7A2A-4762-9D3A-118833357C79}.DebugLocal|Any CPU.ActiveCfg = Debug|Any CPU
		{4B66BA21-7A2A-4762-9D3A-118833357C79}.DebugLocal|Any CPU.Build.0 = Debug|Any CPU
		{4B66BA21-7A2A-4762-9D3A-118833357C79}.Release|Any CPU.ActiveCfg = Release|Any CPU
		{4B66BA21-7A2A-4762-9D3A-118833357C79}.Release|Any CPU.Build.0 = Release|Any CPU
	EndGlobalSection
	GlobalSection(SolutionProperties) = preSolution
		HideSolutionNode = FALSE
	EndGlobalSection
	GlobalSection(NestedProjects) = preSolution
		{2D91D38A-E682-46B1-9EE9-619C9B950C7A} = {D1C404B1-899A-46C1-BCB5-DB562E71A1EF}
		{8EBC26D8-0EF0-4465-B9BC-F501401CF6E8} = {497DF226-F6FD-43EE-990E-9A672E3AE6BF}
		{E720690C-0929-40B1-8C3D-96BDB0D4D053} = {497DF226-F6FD-43EE-990E-9A672E3AE6BF}
		{E85351EC-7224-42CA-8E29-270B6DFAEF10} = {176212CE-87DB-4721-8760-BF721D789B30}
		{780F70BF-E986-44FE-8623-FBC73E287DA6} = {176212CE-87DB-4721-8760-BF721D789B30}
		{D6E7C732-2625-415D-B410-6C19176116D8} = {176212CE-87DB-4721-8760-BF721D789B30}
		{146C2418-3106-41FB-BE95-92E0771465BD} = {176212CE-87DB-4721-8760-BF721D789B30}
		{EC87F7AE-2136-4DE4-AB89-4EDAA856C1AD} = {6DFB41C1-09C5-4364-A78F-C0645D65D727}
		{322BB845-631D-4E3B-B66E-288E1855C041} = {6DFB41C1-09C5-4364-A78F-C0645D65D727}
		{3FA07FDD-C52C-44F0-A987-33756BBBEC60} = {525DDF85-F4F7-4BCA-97E9-0A0CE1B7F413}
		{ED948E4C-4BD1-4712-A434-6297C9973912} = {525DDF85-F4F7-4BCA-97E9-0A0CE1B7F413}
		{FD38B7DD-C52C-44DA-AC3F-4F79EA82BF41} = {525DDF85-F4F7-4BCA-97E9-0A0CE1B7F413}
		{4B66BA21-7A2A-4762-9D3A-118833357C79} = {525DDF85-F4F7-4BCA-97E9-0A0CE1B7F413}
	EndGlobalSection
	GlobalSection(ExtensibilityGlobals) = postSolution
		SolutionGuid = {36318E6B-E241-416E-A47F-E8D0C8A18DF0}
	EndGlobalSection
EndGlobal
